
Microsoft Visual Studio Solution File, Format Version 12.00
# Visual Studio Version 16
VisualStudioVersion = 16.0.29409.12
MinimumVisualStudioVersion = 10.0.40219.1
Project("{9A19103F-16F7-4668-BE54-9A1E7A4F7556}") = "WeihanLi.EntityFramework", "src\WeihanLi.EntityFramework\WeihanLi.EntityFramework.csproj", "{0BB1C3F3-50C6-4924-894C-0A9A7BA4E54A}"
EndProject
Project("{2150E333-8FDC-42A3-9474-1A3956D46DE8}") = "src", "src", "{40B7673F-5ACD-42E4-AE04-6C3AEEBC8546}"
EndProject
Project("{9A19103F-16F7-4668-BE54-9A1E7A4F7556}") = "WeihanLi.EntityFramework.Samples", "samples\WeihanLi.EntityFramework.Samples\WeihanLi.EntityFramework.Samples.csproj", "{1E6AA40E-5BB5-473B-80A6-EAB95A738496}"
EndProject
Project("{2150E333-8FDC-42A3-9474-1A3956D46DE8}") = "samples", "samples", "{46AED92E-94FC-409A-9CFB-C9CD4E59717D}"
EndProject
Project("{9A19103F-16F7-4668-BE54-9A1E7A4F7556}") = "WeihanLi.EntityFramework.Test", "test\WeihanLi.EntityFramework.Test\WeihanLi.EntityFramework.Test.csproj", "{9DF6D464-63A7-487C-9763-4A212ADDFC4B}"
EndProject
Project("{2150E333-8FDC-42A3-9474-1A3956D46DE8}") = "test", "test", "{A1756F80-F25E-4ADC-A079-048FFCA5DBA6}"
EndProject
Global
	GlobalSection(SolutionConfigurationPlatforms) = preSolution
		Debug|Any CPU = Debug|Any CPU
		Debug|x64 = Debug|x64
		Debug|x86 = Debug|x86
		Release|Any CPU = Release|Any CPU
		Release|x64 = Release|x64
		Release|x86 = Release|x86
	EndGlobalSection
	GlobalSection(ProjectConfigurationPlatforms) = postSolution
		{0BB1C3F3-50C6-4924-894C-0A9A7BA4E54A}.Debug|Any CPU.ActiveCfg = Debug|Any CPU
		{0BB1C3F3-50C6-4924-894C-0A9A7BA4E54A}.Debug|Any CPU.Build.0 = Debug|Any CPU
		{0BB1C3F3-50C6-4924-894C-0A9A7BA4E54A}.Debug|x64.ActiveCfg = Debug|Any CPU
		{0BB1C3F3-50C6-4924-894C-0A9A7BA4E54A}.Debug|x64.Build.0 = Debug|Any CPU
		{0BB1C3F3-50C6-4924-894C-0A9A7BA4E54A}.Debug|x86.ActiveCfg = Debug|Any CPU
		{0BB1C3F3-50C6-4924-894C-0A9A7BA4E54A}.Debug|x86.Build.0 = Debug|Any CPU
		{0BB1C3F3-50C6-4924-894C-0A9A7BA4E54A}.Release|Any CPU.ActiveCfg = Release|Any CPU
		{0BB1C3F3-50C6-4924-894C-0A9A7BA4E54A}.Release|Any CPU.Build.0 = Release|Any CPU
		{0BB1C3F3-50C6-4924-894C-0A9A7BA4E54A}.Release|x64.ActiveCfg = Release|Any CPU
		{0BB1C3F3-50C6-4924-894C-0A9A7BA4E54A}.Release|x64.Build.0 = Release|Any CPU
		{0BB1C3F3-50C6-4924-894C-0A9A7BA4E54A}.Release|x86.ActiveCfg = Release|Any CPU
		{0BB1C3F3-50C6-4924-894C-0A9A7BA4E54A}.Release|x86.Build.0 = Release|Any CPU
		{1E6AA40E-5BB5-473B-80A6-EAB95A738496}.Debug|Any CPU.ActiveCfg = Debug|Any CPU
		{1E6AA40E-5BB5-473B-80A6-EAB95A738496}.Debug|Any CPU.Build.0 = Debug|Any CPU
		{1E6AA40E-5BB5-473B-80A6-EAB95A738496}.Debug|x64.ActiveCfg = Debug|Any CPU
		{1E6AA40E-5BB5-473B-80A6-EAB95A738496}.Debug|x64.Build.0 = Debug|Any CPU
		{1E6AA40E-5BB5-473B-80A6-EAB95A738496}.Debug|x86.ActiveCfg = Debug|Any CPU
		{1E6AA40E-5BB5-473B-80A6-EAB95A738496}.Debug|x86.Build.0 = Debug|Any CPU
		{1E6AA40E-5BB5-473B-80A6-EAB95A738496}.Release|Any CPU.ActiveCfg = Release|Any CPU
		{1E6AA40E-5BB5-473B-80A6-EAB95A738496}.Release|Any CPU.Build.0 = Release|Any CPU
		{1E6AA40E-5BB5-473B-80A6-EAB95A738496}.Release|x64.ActiveCfg = Release|Any CPU
		{1E6AA40E-5BB5-473B-80A6-EAB95A738496}.Release|x64.Build.0 = Release|Any CPU
		{1E6AA40E-5BB5-473B-80A6-EAB95A738496}.Release|x86.ActiveCfg = Release|Any CPU
		{1E6AA40E-5BB5-473B-80A6-EAB95A738496}.Release|x86.Build.0 = Release|Any CPU
		{9DF6D464-63A7-487C-9763-4A212ADDFC4B}.Debug|Any CPU.ActiveCfg = Debug|Any CPU
		{9DF6D464-63A7-487C-9763-4A212ADDFC4B}.Debug|Any CPU.Build.0 = Debug|Any CPU
		{9DF6D464-63A7-487C-9763-4A212ADDFC4B}.Debug|x64.ActiveCfg = Debug|Any CPU
		{9DF6D464-63A7-487C-9763-4A212ADDFC4B}.Debug|x64.Build.0 = Debug|Any CPU
		{9DF6D464-63A7-487C-9763-4A212ADDFC4B}.Debug|x86.ActiveCfg = Debug|Any CPU
		{9DF6D464-63A7-487C-9763-4A212ADDFC4B}.Debug|x86.Build.0 = Debug|Any CPU
		{9DF6D464-63A7-487C-9763-4A212ADDFC4B}.Release|Any CPU.ActiveCfg = Release|Any CPU
		{9DF6D464-63A7-487C-9763-4A212ADDFC4B}.Release|Any CPU.Build.0 = Release|Any CPU
		{9DF6D464-63A7-487C-9763-4A212ADDFC4B}.Release|x64.ActiveCfg = Release|Any CPU
		{9DF6D464-63A7-487C-9763-4A212ADDFC4B}.Release|x64.Build.0 = Release|Any CPU
		{9DF6D464-63A7-487C-9763-4A212ADDFC4B}.Release|x86.ActiveCfg = Release|Any CPU
		{9DF6D464-63A7-487C-9763-4A212ADDFC4B}.Release|x86.Build.0 = Release|Any CPU
	EndGlobalSection
	GlobalSection(SolutionProperties) = preSolution
		HideSolutionNode = FALSE
	EndGlobalSection
	GlobalSection(NestedProjects) = preSolution
		{0BB1C3F3-50C6-4924-894C-0A9A7BA4E54A} = {40B7673F-5ACD-42E4-AE04-6C3AEEBC8546}
		{1E6AA40E-5BB5-473B-80A6-EAB95A738496} = {46AED92E-94FC-409A-9CFB-C9CD4E59717D}
		{9DF6D464-63A7-487C-9763-4A212ADDFC4B} = {A1756F80-F25E-4ADC-A079-048FFCA5DBA6}
	EndGlobalSection
	GlobalSection(ExtensibilityGlobals) = postSolution
		SolutionGuid = {201A8B4F-A16D-44B7-BB29-F9B9CFC2A467}
	EndGlobalSection
EndGlobal
